{
    "_meta": {
        "hash": {
            "sha256": "cbfb030b69b61b7a9487b2b051463997dc98b637d4b193d3c25124135af9799d"
        },
        "host-environment-markers": {
            "implementation_name": "cpython",
            "implementation_version": "3.6.4",
            "os_name": "posix",
            "platform_machine": "x86_64",
            "platform_python_implementation": "CPython",
            "platform_release": "4.15.11-1-ARCH",
            "platform_system": "Linux",
            "platform_version": "#1 SMP PREEMPT Mon Mar 19 18:21:03 UTC 2018",
            "python_full_version": "3.6.4",
            "python_version": "3.6",
            "sys_platform": "linux"
        },
        "pipfile-spec": 6,
        "requires": {},
        "sources": [
            {
                "name": "pypi",
                "url": "https://pypi.python.org/simple",
                "verify_ssl": true
            }
        ]
    },
    "default": {
        "contextlib2": {
            "hashes": [
                "sha256:f5260a6e679d2ff42ec91ec5252f4eeffdcf21053db9113bd0a8e4d953769c00",
                "sha256:509f9419ee91cdd00ba34443217d5ca51f5a364a404e1dce9e8979cea969ca48"
            ],
            "version": "==0.5.5"
        },
        "dj-database-url": {
            "hashes": [
                "sha256:851785365761ebe4994a921b433062309eb882fedd318e1b0fcecc607ed02da9",
                "sha256:4aeaeb1f573c74835b0686a2b46b85990571159ffc21aa57ecd4d1e1cb334163"
            ],
            "version": "==0.5.0"
        },
        "django": {
            "hashes": [
                "sha256:fad46f44f6f4de66aacaa92e7753dbc4fe3ae834aa2daffaca0bf16c64798186",
                "sha256:fed3e79bb5a3a8d5eb054c7a1ec1de229ef3f43335a67821cc3e489e9582f711"
            ],
            "version": "==1.11.8"
        },
        "django-extensions": {
            "hashes": [
                "sha256:f642e79990f365e82a7c906c91b0dabea533cdcdf2df7059a732e1e8648f2fa3",
                "sha256:6fb35133b61e7295d43c1f7added952e5dfe689ae65662d2fb5fe7ea1a397eba"
            ],
            "version": "==1.9.9"
        },
        "django-localflavor": {
            "hashes": [
                "sha256:cd1347535f049a13a28d17d5ebff0d06a9bb53e500096cf74bf3b21100b78585"
            ],
            "version": "==1.3"
        },
        "django-registration": {
            "hashes": [
                "sha256:14ffa4c07ad902afaa1d096ea241282b76724348b8b7518cecad617870178283"
            ],
            "version": "==2.2"
        },
        "gunicorn": {
            "hashes": [
                "sha256:75af03c99389535f218cc596c7de74df4763803f7b63eb09d77e92b3956b36c6",
                "sha256:eee1169f0ca667be05db3351a0960765620dad53f53434262ff8901b68a1b622"
            ],
            "version": "==19.7.1"
        },
        "mysqlclient": {
            "hashes": [
                "sha256:b3b1a7e4468180afb79289b54069d9499242946a4cedf3928cbf6b2a13800016",
                "sha256:d56e379c03efad746e84705cbb97401f60d1f98b05e11a27f2d9c2d043936974",
                "sha256:371df79d000af56b4e540b7ce2120d1c9afb04b751bfce25a1eb609c50fd10ff",
                "sha256:1e85e48b167e2af3bb08f273fdbd1ad6401cbe75057fa6513f97387dc7b282dc",
                "sha256:2d9ec33de39f4d9c64ad7322ede0521d85829ce36a76f9dd3d6ab76a9c8648e5"
            ],
            "version": "==1.3.12"
        },
        "pytz": {
            "hashes": [
                "sha256:ed6509d9af298b7995d69a440e2822288f2eca1681b8cce37673dbb10091e5fe",
                "sha256:f93ddcdd6342f94cea379c73cddb5724e0d6d0a1c91c9bdef364dc0368ba4fda",
                "sha256:61242a9abc626379574a166dc0e96a66cd7c3b27fc10868003fa210be4bff1c9",
                "sha256:ba18e6a243b3625513d85239b3e49055a2f0318466e0b8a92b8fb8ca7ccdf55f",
                "sha256:07edfc3d4d2705a20a6e99d97f0c4b61c800b8232dc1c04d87e8554f130148dd",
                "sha256:3a47ff71597f821cd84a162e71593004286e5be07a340fd462f0d33a760782b5",
                "sha256:5bd55c744e6feaa4d599a6cbd8228b4f8f9ba96de2c38d56f08e534b3c9edf0d",
                "sha256:887ab5e5b32e4d0c86efddd3d055c1f363cbaa583beb8da5e22d2fa2f64d51ef",
                "sha256:410bcd1d6409026fbaa65d9ed33bf6dd8b1e94a499e32168acfc7b332e4095c0"
            ],
            "version": "==2018.3"
        },
        "raven": {
            "hashes": [
                "sha256:738a52019d01955d5b44b49d67c9f2f4cedb1b4f70d4fb0b493931174d00e044",
                "sha256:92bf4c4819472ed20f1b9905eeeafe1bc6fe5f273d7c14506fdb8fb3a6ab2074"
            ],
            "version": "==6.6.0"
        },
        "six": {
            "hashes": [
                "sha256:832dc0e10feb1aa2c68dcc57dbb658f1c7e65b9b61af69048abc87a2db00a0eb",
                "sha256:70e8a77beed4562e7f14fe23a786b54f6296e34344c23bc42f07b15018ff98e9"
            ],
            "version": "==1.11.0"
        },
        "typing": {
            "hashes": [
                "sha256:b2c689d54e1144bbcfd191b0832980a21c2dbcf7b5ff7a66248a60c90e951eb8",
                "sha256:3a887b021a77b292e151afb75323dea88a7bc1b3dfa92176cff8e44c8b68bddf",
                "sha256:d400a9344254803a2368533e4533a4200d21eb7b6b729c173bc38201a74db3f2"
            ],
            "version": "==3.6.4"
        },
        "whitenoise": {
            "hashes": [
                "sha256:15f43b2e701821b95c9016cf469d29e2a546cb1c7dead584ba82c36f843995cf",
                "sha256:9d81515f2b5b27051910996e1e860b1332e354d9e7bcf30c98f21dcb6713e0dd"
            ],
            "version": "==3.3.1"
        }
    },
    "develop": {}
}
